// !$*UTF8*$!
{
	archiveVersion = 1;
	classes = {
	};
	objectVersion = 56;
	objects = {

/* Begin PBXBuildFile section */
		854D127B293A2678006E770E /* AppDelegate.swift in Sources */ = {isa = PBXBuildFile; fileRef = 854D127A293A2678006E770E /* AppDelegate.swift */; };
		854D127D293A2678006E770E /* SceneDelegate.swift in Sources */ = {isa = PBXBuildFile; fileRef = 854D127C293A2678006E770E /* SceneDelegate.swift */; };
		854D127F293A2678006E770E /* ViewController.swift in Sources */ = {isa = PBXBuildFile; fileRef = 854D127E293A2678006E770E /* ViewController.swift */; };
		854D1284293A2679006E770E /* Assets.xcassets in Resources */ = {isa = PBXBuildFile; fileRef = 854D1283293A2679006E770E /* Assets.xcassets */; };
		854D1287293A2679006E770E /* LaunchScreen.storyboard in Resources */ = {isa = PBXBuildFile; fileRef = 854D1285293A2679006E770E /* LaunchScreen.storyboard */; };
		8550CA86293A3067009361E6 /* signin.swift in Sources */ = {isa = PBXBuildFile; fileRef = 8550CA85293A3067009361E6 /* signin.swift */; };
		8550CA88293A3081009361E6 /* signup.swift in Sources */ = {isa = PBXBuildFile; fileRef = 8550CA87293A3081009361E6 /* signup.swift */; };
		8550CA8A293A30F3009361E6 /* TabBarController.swift in Sources */ = {isa = PBXBuildFile; fileRef = 8550CA89293A30F3009361E6 /* TabBarController.swift */; };
		8550CA8D293A365D009361E6 /* signinAPI.swift in Sources */ = {isa = PBXBuildFile; fileRef = 8550CA8C293A365D009361E6 /* signinAPI.swift */; };
		8550CA8F293A37C2009361E6 /* API.swift in Sources */ = {isa = PBXBuildFile; fileRef = 8550CA8E293A37C2009361E6 /* API.swift */; };
		8550CA91293A38EE009361E6 /* Font.otf in Resources */ = {isa = PBXBuildFile; fileRef = 8550CA90293A38EE009361E6 /* Font.otf */; };
		8550CA93293A3C46009361E6 /* HomeVC.swift in Sources */ = {isa = PBXBuildFile; fileRef = 8550CA92293A3C46009361E6 /* HomeVC.swift */; };
		85AEAEEF293A54180057EC19 /* File.swift in Sources */ = {isa = PBXBuildFile; fileRef = 85AEAEEE293A54180057EC19 /* File.swift */; };
		C70AB2BE20985BD8EB352C0E /* Pods_DGDHKT.framework in Frameworks */ = {isa = PBXBuildFile; fileRef = 296A97300D0332BFA1C10685 /* Pods_DGDHKT.framework */; };
/* End PBXBuildFile section */

/* Begin PBXContainerItemProxy section */
		854D128E293A2679006E770E /* PBXContainerItemProxy */ = {
			isa = PBXContainerItemProxy;
			containerPortal = 854D126F293A2678006E770E /* Project object */;
			proxyType = 1;
			remoteGlobalIDString = 854D1276293A2678006E770E;
			remoteInfo = DGDHKT;
		};
		854D1298293A2679006E770E /* PBXContainerItemProxy */ = {
			isa = PBXContainerItemProxy;
			containerPortal = 854D126F293A2678006E770E /* Project object */;
			proxyType = 1;
			remoteGlobalIDString = 854D1276293A2678006E770E;
			remoteInfo = DGDHKT;
		};
/* End PBXContainerItemProxy section */

/* Begin PBXFileReference section */
		296A97300D0332BFA1C10685 /* Pods_DGDHKT.framework */ = {isa = PBXFileReference; explicitFileType = wrapper.framework; includeInIndex = 0; path = Pods_DGDHKT.framework; sourceTree = BUILT_PRODUCTS_DIR; };
		83517A4E8C7ADDC6279573AF /* Pods-DGDHKT.release.xcconfig */ = {isa = PBXFileReference; includeInIndex = 1; lastKnownFileType = text.xcconfig; name = "Pods-DGDHKT.release.xcconfig"; path = "Target Support Files/Pods-DGDHKT/Pods-DGDHKT.release.xcconfig"; sourceTree = "<group>"; };
		854D1277293A2678006E770E /* DGDHKT.app */ = {isa = PBXFileReference; explicitFileType = wrapper.application; includeInIndex = 0; path = DGDHKT.app; sourceTree = BUILT_PRODUCTS_DIR; };
		854D127A293A2678006E770E /* AppDelegate.swift */ = {isa = PBXFileReference; lastKnownFileType = sourcecode.swift; path = AppDelegate.swift; sourceTree = "<group>"; };
		854D127C293A2678006E770E /* SceneDelegate.swift */ = {isa = PBXFileReference; lastKnownFileType = sourcecode.swift; path = SceneDelegate.swift; sourceTree = "<group>"; };
		854D127E293A2678006E770E /* ViewController.swift */ = {isa = PBXFileReference; lastKnownFileType = sourcecode.swift; path = ViewController.swift; sourceTree = "<group>"; };
		854D1283293A2679006E770E /* Assets.xcassets */ = {isa = PBXFileReference; lastKnownFileType = folder.assetcatalog; path = Assets.xcassets; sourceTree = "<group>"; };
		854D1286293A2679006E770E /* Base */ = {isa = PBXFileReference; lastKnownFileType = file.storyboard; name = Base; path = Base.lproj/LaunchScreen.storyboard; sourceTree = "<group>"; };
		854D1288293A2679006E770E /* Info.plist */ = {isa = PBXFileReference; lastKnownFileType = text.plist.xml; path = Info.plist; sourceTree = "<group>"; };
		854D128D293A2679006E770E /* DGDHKTTests.xctest */ = {isa = PBXFileReference; explicitFileType = wrapper.cfbundle; includeInIndex = 0; path = DGDHKTTests.xctest; sourceTree = BUILT_PRODUCTS_DIR; };
		854D1297293A2679006E770E /* DGDHKTUITests.xctest */ = {isa = PBXFileReference; explicitFileType = wrapper.cfbundle; includeInIndex = 0; path = DGDHKTUITests.xctest; sourceTree = BUILT_PRODUCTS_DIR; };
		8550CA85293A3067009361E6 /* signin.swift */ = {isa = PBXFileReference; lastKnownFileType = sourcecode.swift; path = signin.swift; sourceTree = "<group>"; };
		8550CA87293A3081009361E6 /* signup.swift */ = {isa = PBXFileReference; lastKnownFileType = sourcecode.swift; path = signup.swift; sourceTree = "<group>"; };
		8550CA89293A30F3009361E6 /* TabBarController.swift */ = {isa = PBXFileReference; lastKnownFileType = sourcecode.swift; path = TabBarController.swift; sourceTree = "<group>"; };
		8550CA8C293A365D009361E6 /* signinAPI.swift */ = {isa = PBXFileReference; lastKnownFileType = sourcecode.swift; path = signinAPI.swift; sourceTree = "<group>"; };
		8550CA8E293A37C2009361E6 /* API.swift */ = {isa = PBXFileReference; lastKnownFileType = sourcecode.swift; path = API.swift; sourceTree = "<group>"; };
		8550CA90293A38EE009361E6 /* Font.otf */ = {isa = PBXFileReference; lastKnownFileType = file; path = Font.otf; sourceTree = "<group>"; };
		8550CA92293A3C46009361E6 /* HomeVC.swift */ = {isa = PBXFileReference; lastKnownFileType = sourcecode.swift; path = HomeVC.swift; sourceTree = "<group>"; };
		85AEAEEE293A54180057EC19 /* File.swift */ = {isa = PBXFileReference; lastKnownFileType = sourcecode.swift; path = File.swift; sourceTree = "<group>"; };
		94BEAAE71E1CEDC60BD36AF5 /* Pods-DGDHKT.debug.xcconfig */ = {isa = PBXFileReference; includeInIndex = 1; lastKnownFileType = text.xcconfig; name = "Pods-DGDHKT.debug.xcconfig"; path = "Target Support Files/Pods-DGDHKT/Pods-DGDHKT.debug.xcconfig"; sourceTree = "<group>"; };
/* End PBXFileReference section */

/* Begin PBXFrameworksBuildPhase section */
		854D1274293A2678006E770E /* Frameworks */ = {
			isa = PBXFrameworksBuildPhase;
			buildActionMask = 2147483647;
			files = (
				C70AB2BE20985BD8EB352C0E /* Pods_DGDHKT.framework in Frameworks */,
			);
			runOnlyForDeploymentPostprocessing = 0;
		};
		854D128A293A2679006E770E /* Frameworks */ = {
			isa = PBXFrameworksBuildPhase;
			buildActionMask = 2147483647;
			files = (
			);
			runOnlyForDeploymentPostprocessing = 0;
		};
		854D1294293A2679006E770E /* Frameworks */ = {
			isa = PBXFrameworksBuildPhase;
			buildActionMask = 2147483647;
			files = (
			);
			runOnlyForDeploymentPostprocessing = 0;
		};
/* End PBXFrameworksBuildPhase section */

/* Begin PBXGroup section */
		601C9D90923F04D7984ACB2C /* Frameworks */ = {
			isa = PBXGroup;
			children = (
				296A97300D0332BFA1C10685 /* Pods_DGDHKT.framework */,
			);
			name = Frameworks;
			sourceTree = "<group>";
		};
		854D126E293A2678006E770E = {
			isa = PBXGroup;
			children = (
				854D1279293A2678006E770E /* DGDHKT */,
				854D1278293A2678006E770E /* Products */,
				EC94515A0FB780C4963AED39 /* Pods */,
				601C9D90923F04D7984ACB2C /* Frameworks */,
			);
			sourceTree = "<group>";
		};
		854D1278293A2678006E770E /* Products */ = {
			isa = PBXGroup;
			children = (
				854D1277293A2678006E770E /* DGDHKT.app */,
				854D128D293A2679006E770E /* DGDHKTTests.xctest */,
				854D1297293A2679006E770E /* DGDHKTUITests.xctest */,
			);
			name = Products;
			sourceTree = "<group>";
		};
		854D1279293A2678006E770E /* DGDHKT */ = {
			isa = PBXGroup;
			children = (
				8550CA8E293A37C2009361E6 /* API.swift */,
				8550CA84293A3056009361E6 /* login */,
				854D127A293A2678006E770E /* AppDelegate.swift */,
				854D127C293A2678006E770E /* SceneDelegate.swift */,
				854D127E293A2678006E770E /* ViewController.swift */,
				854D1283293A2679006E770E /* Assets.xcassets */,
				854D1285293A2679006E770E /* LaunchScreen.storyboard */,
				854D1288293A2679006E770E /* Info.plist */,
				8550CA90293A38EE009361E6 /* Font.otf */,
			);
			path = DGDHKT;
			sourceTree = "<group>";
		};
		8550CA84293A3056009361E6 /* login */ = {
			isa = PBXGroup;
			children = (
				8550CA85293A3067009361E6 /* signin.swift */,
				8550CA8C293A365D009361E6 /* signinAPI.swift */,
				8550CA87293A3081009361E6 /* signup.swift */,
				85AEAEEE293A54180057EC19 /* File.swift */,
				8550CA8B293A30F7009361E6 /* TabBar */,
			);
			path = login;
			sourceTree = "<group>";
		};
		8550CA8B293A30F7009361E6 /* TabBar */ = {
			isa = PBXGroup;
			children = (
				8550CA89293A30F3009361E6 /* TabBarController.swift */,
				8550CA92293A3C46009361E6 /* HomeVC.swift */,
			);
			path = TabBar;
			sourceTree = "<group>";
		};
		EC94515A0FB780C4963AED39 /* Pods */ = {
			isa = PBXGroup;
			children = (
				94BEAAE71E1CEDC60BD36AF5 /* Pods-DGDHKT.debug.xcconfig */,
				83517A4E8C7ADDC6279573AF /* Pods-DGDHKT.release.xcconfig */,
			);
			path = Pods;
			sourceTree = "<group>";
		};
/* End PBXGroup section */

/* Begin PBXNativeTarget section */
		854D1276293A2678006E770E /* DGDHKT */ = {
			isa = PBXNativeTarget;
			buildConfigurationList = 854D12A1293A2679006E770E /* Build configuration list for PBXNativeTarget "DGDHKT" */;
			buildPhases = (
				50A4E58CFB7C3BCFC7405B38 /* [CP] Check Pods Manifest.lock */,
				854D1273293A2678006E770E /* Sources */,
				854D1274293A2678006E770E /* Frameworks */,
				854D1275293A2678006E770E /* Resources */,
				3006BF407DD09DCC8E9BA90D /* [CP] Embed Pods Frameworks */,
			);
			buildRules = (
			);
			dependencies = (
			);
			name = DGDHKT;
			productName = DGDHKT;
			productReference = 854D1277293A2678006E770E /* DGDHKT.app */;
			productType = "com.apple.product-type.application";
		};
		854D128C293A2679006E770E /* DGDHKTTests */ = {
			isa = PBXNativeTarget;
			buildConfigurationList = 854D12A4293A2679006E770E /* Build configuration list for PBXNativeTarget "DGDHKTTests" */;
			buildPhases = (
				854D1289293A2679006E770E /* Sources */,
				854D128A293A2679006E770E /* Frameworks */,
				854D128B293A2679006E770E /* Resources */,
			);
			buildRules = (
			);
			dependencies = (
				854D128F293A2679006E770E /* PBXTargetDependency */,
			);
			name = DGDHKTTests;
			productName = DGDHKTTests;
			productReference = 854D128D293A2679006E770E /* DGDHKTTests.xctest */;
			productType = "com.apple.product-type.bundle.unit-test";
		};
		854D1296293A2679006E770E /* DGDHKTUITests */ = {
			isa = PBXNativeTarget;
			buildConfigurationList = 854D12A7293A2679006E770E /* Build configuration list for PBXNativeTarget "DGDHKTUITests" */;
			buildPhases = (
				854D1293293A2679006E770E /* Sources */,
				854D1294293A2679006E770E /* Frameworks */,
				854D1295293A2679006E770E /* Resources */,
			);
			buildRules = (
			);
			dependencies = (
				854D1299293A2679006E770E /* PBXTargetDependency */,
			);
			name = DGDHKTUITests;
			productName = DGDHKTUITests;
			productReference = 854D1297293A2679006E770E /* DGDHKTUITests.xctest */;
			productType = "com.apple.product-type.bundle.ui-testing";
		};
/* End PBXNativeTarget section */

/* Begin PBXProject section */
		854D126F293A2678006E770E /* Project object */ = {
			isa = PBXProject;
			attributes = {
				BuildIndependentTargetsInParallel = 1;
				LastSwiftUpdateCheck = 1400;
				LastUpgradeCheck = 1400;
				TargetAttributes = {
					854D1276293A2678006E770E = {
						CreatedOnToolsVersion = 14.0.1;
					};
					854D128C293A2679006E770E = {
						CreatedOnToolsVersion = 14.0.1;
						TestTargetID = 854D1276293A2678006E770E;
					};
					854D1296293A2679006E770E = {
						CreatedOnToolsVersion = 14.0.1;
						TestTargetID = 854D1276293A2678006E770E;
					};
				};
			};
			buildConfigurationList = 854D1272293A2678006E770E /* Build configuration list for PBXProject "DGDHKT" */;
			compatibilityVersion = "Xcode 14.0";
			developmentRegion = en;
			hasScannedForEncodings = 0;
			knownRegions = (
				en,
				Base,
			);
			mainGroup = 854D126E293A2678006E770E;
			productRefGroup = 854D1278293A2678006E770E /* Products */;
			projectDirPath = "";
			projectRoot = "";
			targets = (
				854D1276293A2678006E770E /* DGDHKT */,
				854D128C293A2679006E770E /* DGDHKTTests */,
				854D1296293A2679006E770E /* DGDHKTUITests */,
			);
		};
/* End PBXProject section */

/* Begin PBXResourcesBuildPhase section */
		854D1275293A2678006E770E /* Resources */ = {
			isa = PBXResourcesBuildPhase;
			buildActionMask = 2147483647;
			files = (
				854D1287293A2679006E770E /* LaunchScreen.storyboard in Resources */,
				854D1284293A2679006E770E /* Assets.xcassets in Resources */,
				8550CA91293A38EE009361E6 /* Font.otf in Resources */,
			);
			runOnlyForDeploymentPostprocessing = 0;
		};
		854D128B293A2679006E770E /* Resources */ = {
			isa = PBXResourcesBuildPhase;
			buildActionMask = 2147483647;
			files = (
			);
			runOnlyForDeploymentPostprocessing = 0;
		};
		854D1295293A2679006E770E /* Resources */ = {
			isa = PBXResourcesBuildPhase;
			buildActionMask = 2147483647;
			files = (
			);
			runOnlyForDeploymentPostprocessing = 0;
		};
/* End PBXResourcesBuildPhase section */

/* Begin PBXShellScriptBuildPhase section */
		3006BF407DD09DCC8E9BA90D /* [CP] Embed Pods Frameworks */ = {
			isa = PBXShellScriptBuildPhase;
			buildActionMask = 2147483647;
			files = (
			);
			inputFileListPaths = (
				"${PODS_ROOT}/Target Support Files/Pods-DGDHKT/Pods-DGDHKT-frameworks-${CONFIGURATION}-input-files.xcfilelist",
			);
			name = "[CP] Embed Pods Frameworks";
			outputFileListPaths = (
				"${PODS_ROOT}/Target Support Files/Pods-DGDHKT/Pods-DGDHKT-frameworks-${CONFIGURATION}-output-files.xcfilelist",
			);
			runOnlyForDeploymentPostprocessing = 0;
			shellPath = /bin/sh;
			shellScript = "\"${PODS_ROOT}/Target Support Files/Pods-DGDHKT/Pods-DGDHKT-frameworks.sh\"\n";
			showEnvVarsInLog = 0;
		};
		50A4E58CFB7C3BCFC7405B38 /* [CP] Check Pods Manifest.lock */ = {
			isa = PBXShellScriptBuildPhase;
			buildActionMask = 2147483647;
			files = (
			);
			inputFileListPaths = (
			);
			inputPaths = (
				"${PODS_PODFILE_DIR_PATH}/Podfile.lock",
				"${PODS_ROOT}/Manifest.lock",
			);
			name = "[CP] Check Pods Manifest.lock";
			outputFileListPaths = (
			);
			outputPaths = (
				"$(DERIVED_FILE_DIR)/Pods-DGDHKT-checkManifestLockResult.txt",
			);
			runOnlyForDeploymentPostprocessing = 0;
			shellPath = /bin/sh;
			shellScript = "diff \"${PODS_PODFILE_DIR_PATH}/Podfile.lock\" \"${PODS_ROOT}/Manifest.lock\" > /dev/null\nif [ $? != 0 ] ; then\n    # print error to STDERR\n    echo \"error: The sandbox is not in sync with the Podfile.lock. Run 'pod install' or update your CocoaPods installation.\" >&2\n    exit 1\nfi\n# This output is used by Xcode 'outputs' to avoid re-running this script phase.\necho \"SUCCESS\" > \"${SCRIPT_OUTPUT_FILE_0}\"\n";
			showEnvVarsInLog = 0;
		};
/* End PBXShellScriptBuildPhase section */

/* Begin PBXSourcesBuildPhase section */
		854D1273293A2678006E770E /* Sources */ = {
			isa = PBXSourcesBuildPhase;
			buildActionMask = 2147483647;
			files = (
				854D127F293A2678006E770E /* ViewController.swift in Sources */,
				854D127B293A2678006E770E /* AppDelegate.swift in Sources */,
				8550CA88293A3081009361E6 /* signup.swift in Sources */,
				8550CA93293A3C46009361E6 /* HomeVC.swift in Sources */,
				8550CA8D293A365D009361E6 /* signinAPI.swift in Sources */,
				85AEAEEF293A54180057EC19 /* File.swift in Sources */,
				8550CA8A293A30F3009361E6 /* TabBarController.swift in Sources */,
				854D127D293A2678006E770E /* SceneDelegate.swift in Sources */,
				8550CA8F293A37C2009361E6 /* API.swift in Sources */,
				8550CA86293A3067009361E6 /* signin.swift in Sources */,
			);
			runOnlyForDeploymentPostprocessing = 0;
		};
		854D1289293A2679006E770E /* Sources */ = {
			isa = PBXSourcesBuildPhase;
			buildActionMask = 2147483647;
			files = (
			);
			runOnlyForDeploymentPostprocessing = 0;
		};
		854D1293293A2679006E770E /* Sources */ = {
			isa = PBXSourcesBuildPhase;
			buildActionMask = 2147483647;
			files = (
			);
			runOnlyForDeploymentPostprocessing = 0;
		};
/* End PBXSourcesBuildPhase section */

/* Begin PBXTargetDependency section */
		854D128F293A2679006E770E /* PBXTargetDependency */ = {
			isa = PBXTargetDependency;
			target = 854D1276293A2678006E770E /* DGDHKT */;
			targetProxy = 854D128E293A2679006E770E /* PBXContainerItemProxy */;
		};
		854D1299293A2679006E770E /* PBXTargetDependency */ = {
			isa = PBXTargetDependency;
			target = 854D1276293A2678006E770E /* DGDHKT */;
			targetProxy = 854D1298293A2679006E770E /* PBXContainerItemProxy */;
		};
/* End PBXTargetDependency section */

/* Begin PBXVariantGroup section */
		854D1285293A2679006E770E /* LaunchScreen.storyboard */ = {
			isa = PBXVariantGroup;
			children = (
				854D1286293A2679006E770E /* Base */,
			);
			name = LaunchScreen.storyboard;
			sourceTree = "<group>";
		};
/* End PBXVariantGroup section */

/* Begin XCBuildConfiguration section */
		854D129F293A2679006E770E /* Debug */ = {
			isa = XCBuildConfiguration;
			buildSettings = {
				ALWAYS_SEARCH_USER_PATHS = NO;
				CLANG_ANALYZER_NONNULL = YES;
				CLANG_ANALYZER_NUMBER_OBJECT_CONVERSION = YES_AGGRESSIVE;
				CLANG_CXX_LANGUAGE_STANDARD = "gnu++20";
				CLANG_ENABLE_MODULES = YES;
				CLANG_ENABLE_OBJC_ARC = YES;
				CLANG_ENABLE_OBJC_WEAK = YES;
				CLANG_WARN_BLOCK_CAPTURE_AUTORELEASING = YES;
				CLANG_WARN_BOOL_CONVERSION = YES;
				CLANG_WARN_COMMA = YES;
				CLANG_WARN_CONSTANT_CONVERSION = YES;
				CLANG_WARN_DEPRECATED_OBJC_IMPLEMENTATIONS = YES;
				CLANG_WARN_DIRECT_OBJC_ISA_USAGE = YES_ERROR;
				CLANG_WARN_DOCUMENTATION_COMMENTS = YES;
				CLANG_WARN_EMPTY_BODY = YES;
				CLANG_WARN_ENUM_CONVERSION = YES;
				CLANG_WARN_INFINITE_RECURSION = YES;
				CLANG_WARN_INT_CONVERSION = YES;
				CLANG_WARN_NON_LITERAL_NULL_CONVERSION = YES;
				CLANG_WARN_OBJC_IMPLICIT_RETAIN_SELF = YES;
				CLANG_WARN_OBJC_LITERAL_CONVERSION = YES;
				CLANG_WARN_OBJC_ROOT_CLASS = YES_ERROR;
				CLANG_WARN_QUOTED_INCLUDE_IN_FRAMEWORK_HEADER = YES;
				CLANG_WARN_RANGE_LOOP_ANALYSIS = YES;
				CLANG_WARN_STRICT_PROTOTYPES = YES;
				CLANG_WARN_SUSPICIOUS_MOVE = YES;
				CLANG_WARN_UNGUARDED_AVAILABILITY = YES_AGGRESSIVE;
				CLANG_WARN_UNREACHABLE_CODE = YES;
				CLANG_WARN__DUPLICATE_METHOD_MATCH = YES;
				COPY_PHASE_STRIP = NO;
				DEBUG_INFORMATION_FORMAT = dwarf;
				ENABLE_STRICT_OBJC_MSGSEND = YES;
				ENABLE_TESTABILITY = YES;
				GCC_C_LANGUAGE_STANDARD = gnu11;
				GCC_DYNAMIC_NO_PIC = NO;
				GCC_NO_COMMON_BLOCKS = YES;
				GCC_OPTIMIZATION_LEVEL = 0;
				GCC_PREPROCESSOR_DEFINITIONS = (
					"DEBUG=1",
					"$(inherited)",
				);
				GCC_WARN_64_TO_32_BIT_CONVERSION = YES;
				GCC_WARN_ABOUT_RETURN_TYPE = YES_ERROR;
				GCC_WARN_UNDECLARED_SELECTOR = YES;
				GCC_WARN_UNINITIALIZED_AUTOS = YES_AGGRESSIVE;
				GCC_WARN_UNUSED_FUNCTION = YES;
				GCC_WARN_UNUSED_VARIABLE = YES;
				IPHONEOS_DEPLOYMENT_TARGET = 16.0;
				MTL_ENABLE_DEBUG_INFO = INCLUDE_SOURCE;
				MTL_FAST_MATH = YES;
				ONLY_ACTIVE_ARCH = YES;
				SDKROOT = iphoneos;
				SWIFT_ACTIVE_COMPILATION_CONDITIONS = DEBUG;
				SWIFT_OPTIMIZATION_LEVEL = "-Onone";
			};
			name = Debug;
		};
		854D12A0293A2679006E770E /* Release */ = {
			isa = XCBuildConfiguration;
			buildSettings = {
				ALWAYS_SEARCH_USER_PATHS = NO;
				CLANG_ANALYZER_NONNULL = YES;
				CLANG_ANALYZER_NUMBER_OBJECT_CONVERSION = YES_AGGRESSIVE;
				CLANG_CXX_LANGUAGE_STANDARD = "gnu++20";
				CLANG_ENABLE_MODULES = YES;
				CLANG_ENABLE_OBJC_ARC = YES;
				CLANG_ENABLE_OBJC_WEAK = YES;
				CLANG_WARN_BLOCK_CAPTURE_AUTORELEASING = YES;
				CLANG_WARN_BOOL_CONVERSION = YES;
				CLANG_WARN_COMMA = YES;
				CLANG_WARN_CONSTANT_CONVERSION = YES;
				CLANG_WARN_DEPRECATED_OBJC_IMPLEMENTATIONS = YES;
				CLANG_WARN_DIRECT_OBJC_ISA_USAGE = YES_ERROR;
				CLANG_WARN_DOCUMENTATION_COMMENTS = YES;
				CLANG_WARN_EMPTY_BODY = YES;
				CLANG_WARN_ENUM_CONVERSION = YES;
				CLANG_WARN_INFINITE_RECURSION = YES;
				CLANG_WARN_INT_CONVERSION = YES;
				CLANG_WARN_NON_LITERAL_NULL_CONVERSION = YES;
				CLANG_WARN_OBJC_IMPLICIT_RETAIN_SELF = YES;
				CLANG_WARN_OBJC_LITERAL_CONVERSION = YES;
				CLANG_WARN_OBJC_ROOT_CLASS = YES_ERROR;
				CLANG_WARN_QUOTED_INCLUDE_IN_FRAMEWORK_HEADER = YES;
				CLANG_WARN_RANGE_LOOP_ANALYSIS = YES;
				CLANG_WARN_STRICT_PROTOTYPES = YES;
				CLANG_WARN_SUSPICIOUS_MOVE = YES;
				CLANG_WARN_UNGUARDED_AVAILABILITY = YES_AGGRESSIVE;
				CLANG_WARN_UNREACHABLE_CODE = YES;
				CLANG_WARN__DUPLICATE_METHOD_MATCH = YES;
				COPY_PHASE_STRIP = NO;
				DEBUG_INFORMATION_FORMAT = "dwarf-with-dsym";
				ENABLE_NS_ASSERTIONS = NO;
				ENABLE_STRICT_OBJC_MSGSEND = YES;
				GCC_C_LANGUAGE_STANDARD = gnu11;
				GCC_NO_COMMON_BLOCKS = YES;
				GCC_WARN_64_TO_32_BIT_CONVERSION = YES;
				GCC_WARN_ABOUT_RETURN_TYPE = YES_ERROR;
				GCC_WARN_UNDECLARED_SELECTOR = YES;
				GCC_WARN_UNINITIALIZED_AUTOS = YES_AGGRESSIVE;
				GCC_WARN_UNUSED_FUNCTION = YES;
				GCC_WARN_UNUSED_VARIABLE = YES;
				IPHONEOS_DEPLOYMENT_TARGET = 16.0;
				MTL_ENABLE_DEBUG_INFO = NO;
				MTL_FAST_MATH = YES;
				SDKROOT = iphoneos;
				SWIFT_COMPILATION_MODE = wholemodule;
				SWIFT_OPTIMIZATION_LEVEL = "-O";
				VALIDATE_PRODUCT = YES;
			};
			name = Release;
		};
		854D12A2293A2679006E770E /* Debug */ = {
			isa = XCBuildConfiguration;
			baseConfigurationReference = 94BEAAE71E1CEDC60BD36AF5 /* Pods-DGDHKT.debug.xcconfig */;
			buildSettings = {
				ASSETCATALOG_COMPILER_APPICON_NAME = AppIcon;
				ASSETCATALOG_COMPILER_GLOBAL_ACCENT_COLOR_NAME = AccentColor;
				CODE_SIGN_STYLE = Automatic;
				CURRENT_PROJECT_VERSION = 1;
				DEVELOPMENT_TEAM = W7X5HRD463;
				GENERATE_INFOPLIST_FILE = YES;
				INFOPLIST_FILE = DGDHKT/Info.plist;
				INFOPLIST_KEY_UIApplicationSupportsIndirectInputEvents = YES;
				INFOPLIST_KEY_UILaunchStoryboardName = LaunchScreen;
				INFOPLIST_KEY_UISupportedInterfaceOrientations_iPad = "UIInterfaceOrientationPortrait UIInterfaceOrientationPortraitUpsideDown UIInterfaceOrientationLandscapeLeft UIInterfaceOrientationLandscapeRight";
				INFOPLIST_KEY_UISupportedInterfaceOrientations_iPhone = "UIInterfaceOrientationPortrait UIInterfaceOrientationLandscapeLeft UIInterfaceOrientationLandscapeRight";
				LD_RUNPATH_SEARCH_PATHS = (
					"$(inherited)",
					"@executable_path/Frameworks",
				);
				MARKETING_VERSION = 1.0;
				PRODUCT_BUNDLE_IDENTIFIER = DGDHKT.DGDHKT;
				PRODUCT_NAME = "$(TARGET_NAME)";
				SWIFT_EMIT_LOC_STRINGS = YES;
				SWIFT_VERSION = 5.0;
				TARGETED_DEVICE_FAMILY = "1,2";
			};
			name = Debug;
		};
		854D12A3293A2679006E770E /* Release */ = {
			isa = XCBuildConfiguration;
			baseConfigurationReference = 83517A4E8C7ADDC6279573AF /* Pods-DGDHKT.release.xcconfig */;
			buildSettings = {
				ASSETCATALOG_COMPILER_APPICON_NAME = AppIcon;
				ASSETCATALOG_COMPILER_GLOBAL_ACCENT_COLOR_NAME = AccentColor;
				CODE_SIGN_STYLE = Automatic;
				CURRENT_PROJECT_VERSION = 1;
				DEVELOPMENT_TEAM = W7X5HRD463;
				GENERATE_INFOPLIST_FILE = YES;
				INFOPLIST_FILE = DGDHKT/Info.plist;
				INFOPLIST_KEY_UIApplicationSupportsIndirectInputEvents = YES;
				INFOPLIST_KEY_UILaunchStoryboardName = LaunchScreen;
				INFOPLIST_KEY_UISupportedInterfaceOrientations_iPad = "UIInterfaceOrientationPortrait UIInterfaceOrientationPortraitUpsideDown UIInterfaceOrientationLandscapeLeft UIInterfaceOrientationLandscapeRight";
				INFOPLIST_KEY_UISupportedInterfaceOrientations_iPhone = "UIInterfaceOrientationPortrait UIInterfaceOrientationLandscapeLeft UIInterfaceOrientationLandscapeRight";
				LD_RUNPATH_SEARCH_PATHS = (
					"$(inherited)",
					"@executable_path/Frameworks",
				);
				MARKETING_VERSION = 1.0;
				PRODUCT_BUNDLE_IDENTIFIER = DGDHKT.DGDHKT;
				PRODUCT_NAME = "$(TARGET_NAME)";
				SWIFT_EMIT_LOC_STRINGS = YES;
				SWIFT_VERSION = 5.0;
				TARGETED_DEVICE_FAMILY = "1,2";
			};
			name = Release;
		};
		854D12A5293A2679006E770E /* Debug */ = {
			isa = XCBuildConfiguration;
			buildSettings = {
				ALWAYS_EMBED_SWIFT_STANDARD_LIBRARIES = YES;
				BUNDLE_LOADER = "$(TEST_HOST)";
				CODE_SIGN_STYLE = Automatic;
				CURRENT_PROJECT_VERSION = 1;
				DEVELOPMENT_TEAM = W7X5HRD463;
				GENERATE_INFOPLIST_FILE = YES;
				IPHONEOS_DEPLOYMENT_TARGET = 16.0;
				MARKETING_VERSION = 1.0;
				PRODUCT_BUNDLE_IDENTIFIER = DGDHKT.DGDHKTTests;
				PRODUCT_NAME = "$(TARGET_NAME)";
				SWIFT_EMIT_LOC_STRINGS = NO;
				SWIFT_VERSION = 5.0;
				TARGETED_DEVICE_FAMILY = "1,2";
				TEST_HOST = "$(BUILT_PRODUCTS_DIR)/DGDHKT.app/$(BUNDLE_EXECUTABLE_FOLDER_PATH)/DGDHKT";
			};
			name = Debug;
		};
		854D12A6293A2679006E770E /* Release */ = {
			isa = XCBuildConfiguration;
			buildSettings = {
				ALWAYS_EMBED_SWIFT_STANDARD_LIBRARIES = YES;
				BUNDLE_LOADER = "$(TEST_HOST)";
				CODE_SIGN_STYLE = Automatic;
				CURRENT_PROJECT_VERSION = 1;
				DEVELOPMENT_TEAM = W7X5HRD463;
				GENERATE_INFOPLIST_FILE = YES;
				IPHONEOS_DEPLOYMENT_TARGET = 16.0;
				MARKETING_VERSION = 1.0;
				PRODUCT_BUNDLE_IDENTIFIER = DGDHKT.DGDHKTTests;
				PRODUCT_NAME = "$(TARGET_NAME)";
				SWIFT_EMIT_LOC_STRINGS = NO;
				SWIFT_VERSION = 5.0;
				TARGETED_DEVICE_FAMILY = "1,2";
				TEST_HOST = "$(BUILT_PRODUCTS_DIR)/DGDHKT.app/$(BUNDLE_EXECUTABLE_FOLDER_PATH)/DGDHKT";
			};
			name = Release;
		};
		854D12A8293A2679006E770E /* Debug */ = {
			isa = XCBuildConfiguration;
			buildSettings = {
				ALWAYS_EMBED_SWIFT_STANDARD_LIBRARIES = YES;
				CODE_SIGN_STYLE = Automatic;
				CURRENT_PROJECT_VERSION = 1;
				DEVELOPMENT_TEAM = W7X5HRD463;
				GENERATE_INFOPLIST_FILE = YES;
				MARKETING_VERSION = 1.0;
				PRODUCT_BUNDLE_IDENTIFIER = DGDHKT.DGDHKTUITests;
				PRODUCT_NAME = "$(TARGET_NAME)";
				SWIFT_EMIT_LOC_STRINGS = NO;
				SWIFT_VERSION = 5.0;
				TARGETED_DEVICE_FAMILY = "1,2";
				TEST_TARGET_NAME = DGDHKT;
			};
			name = Debug;
		};
		854D12A9293A2679006E770E /* Release */ = {
			isa = XCBuildConfiguration;
			buildSettings = {
				ALWAYS_EMBED_SWIFT_STANDARD_LIBRARIES = YES;
				CODE_SIGN_STYLE = Automatic;
				CURRENT_PROJECT_VERSION = 1;
				DEVELOPMENT_TEAM = W7X5HRD463;
				GENERATE_INFOPLIST_FILE = YES;
				MARKETING_VERSION = 1.0;
				PRODUCT_BUNDLE_IDENTIFIER = DGDHKT.DGDHKTUITests;
				PRODUCT_NAME = "$(TARGET_NAME)";
				SWIFT_EMIT_LOC_STRINGS = NO;
				SWIFT_VERSION = 5.0;
				TARGETED_DEVICE_FAMILY = "1,2";
				TEST_TARGET_NAME = DGDHKT;
			};
			name = Release;
		};
/* End XCBuildConfiguration section */

/* Begin XCConfigurationList section */
		854D1272293A2678006E770E /* Build configuration list for PBXProject "DGDHKT" */ = {
			isa = XCConfigurationList;
			buildConfigurations = (
				854D129F293A2679006E770E /* Debug */,
				854D12A0293A2679006E770E /* Release */,
			);
			defaultConfigurationIsVisible = 0;
			defaultConfigurationName = Release;
		};
		854D12A1293A2679006E770E /* Build configuration list for PBXNativeTarget "DGDHKT" */ = {
			isa = XCConfigurationList;
			buildConfigurations = (
				854D12A2293A2679006E770E /* Debug */,
				854D12A3293A2679006E770E /* Release */,
			);
			defaultConfigurationIsVisible = 0;
			defaultConfigurationName = Release;
		};
		854D12A4293A2679006E770E /* Build configuration list for PBXNativeTarget "DGDHKTTests" */ = {
			isa = XCConfigurationList;
			buildConfigurations = (
				854D12A5293A2679006E770E /* Debug */,
				854D12A6293A2679006E770E /* Release */,
			);
			defaultConfigurationIsVisible = 0;
			defaultConfigurationName = Release;
		};
		854D12A7293A2679006E770E /* Build configuration list for PBXNativeTarget "DGDHKTUITests" */ = {
			isa = XCConfigurationList;
			buildConfigurations = (
				854D12A8293A2679006E770E /* Debug */,
				854D12A9293A2679006E770E /* Release */,
			);
			defaultConfigurationIsVisible = 0;
			defaultConfigurationName = Release;
		};
/* End XCConfigurationList section */
	};
	rootObject = 854D126F293A2678006E770E /* Project object */;
}
